<?xml version="1.0" encoding="UTF-8" standalone="yes" ?>
<CodeBlocks_project_file>
	<FileVersion major="1" minor="6" />
	<Project>
		<Option title="makehuman" />
		<Option pch_mode="0" />
		<Option default_target="Debug" />
		<Option compiler="gcc" />
		<Build>
			<Target title="default">
				<Option output="makehuman.exe" prefix_auto="0" extension_auto="0" />
				<Option working_dir="src" />
				<Option external_deps="..\animorph\src\libanimorph.a;..\mhgui\src\libmhgui.a;" />
				<Option additional_output="..\animorph\src\libanimorph.a;..\mhgui\src\libmhgui.a;" />
				<Option type="1" />
				<Option compiler="gcc" />
				<Option use_console_runner="0" />
				<Option projectResourceIncludeDirsRelation="1" />
			</Target>
			<Target title="Debug">
				<Option output="makehuman.exe" prefix_auto="0" extension_auto="0" />
				<Option working_dir="src" />
				<Option external_deps="..\animorph\src\libanimorph.a;..\mhgui\src\libmhgui.a;" />
				<Option additional_output="..\animorph\src\libanimorph.a;..\mhgui\src\libmhgui.a;" />
				<Option type="1" />
				<Option compiler="gcc" />
				<Option projectResourceIncludeDirsRelation="1" />
				<Compiler>
					<Add option="-W" />
					<Add option="-pg" />
					<Add option="-g" />
				</Compiler>
				<Linker>
					<Add option="-pg -lgmon" />
				</Linker>
			</Target>
		</Build>
		<VirtualTargets>
			<Add alias="All" targets="default;" />
		</VirtualTargets>
		<Compiler>
			<Add option="-D_WIN32=1" />
			<Add option="-DUSE_FREEGLUT=1" />
			<Add option="-DFREEGLUT_STATIC=1" />
			<Add directory="..\animorph\include" />
			<Add directory="..\mhgui\include" />
		</Compiler>
		<Linker>
			<Add library="animorph" />
			<Add library="mhgui" />
			<Add library="png" />
			<Add library="freeglut" />
			<Add library="glu32" />
			<Add library="opengl32" />
			<Add library="winmm" />
			<Add library="z" />
			<Add library="gdi32" />
			<Add directory="..\animorph\src" />
			<Add directory="..\mhgui\src" />
		</Linker>
		<Unit filename="src\Animation.cpp" />
		<Unit filename="src\Animation.h" />
		<Unit filename="src\BodyPanel.cpp" />
		<Unit filename="src\BodyPanel.h" />
		<Unit filename="src\BottomPanel.cpp" />
		<Unit filename="src\BottomPanel.h" />
		<Unit filename="src\BsCategoryPanel.cpp" />
		<Unit filename="src\BsCategoryPanel.h" />
		<Unit filename="src\BsPanel.cpp" />
		<Unit filename="src\BsPanel.h" />
		<Unit filename="src\BsPanelSelectionListener.cpp" />
		<Unit filename="src\BsPanelSelectionListener.h" />
		<Unit filename="src\BsSelectionListener.cpp" />
		<Unit filename="src\BsSelectionListener.h" />
		<Unit filename="src\CharacterSettingPanel.cpp" />
		<Unit filename="src\CharacterSettingPanel.h" />
		<Unit filename="src\ClothesPanel.cpp" />
		<Unit filename="src\ClothesPanel.h" />
		<Unit filename="src\ComponentID.h" />
		<Unit filename="src\ConsoleCommands.h" />
		<Unit filename="src\ConsoleListener.cpp" />
		<Unit filename="src\ConsoleListener.h" />
		<Unit filename="src\FacePanel.cpp" />
		<Unit filename="src\FacePanel.h" />
		<Unit filename="src\FileTools.cpp" />
		<Unit filename="src\FileTools.h" />
		<Unit filename="src\FooterPanel.cpp" />
		<Unit filename="src\FooterPanel.h" />
		<Unit filename="src\Global.cpp" />
		<Unit filename="src\Global.h" />
		<Unit filename="src\HandsPanel.cpp" />
		<Unit filename="src\HandsPanel.h" />
		<Unit filename="src\ImageButton.h" />
		<Unit filename="src\ImageListener.cpp" />
		<Unit filename="src\ImageListener.h" />
		<Unit filename="src\PageBsPanel.cpp" />
		<Unit filename="src\PageBsPanel.h" />
		<Unit filename="src\PagePosesBsPanel.cpp" />
		<Unit filename="src\PagePosesBsPanel.h" />
		<Unit filename="src\PageTargetPanel.cpp" />
		<Unit filename="src\PageTargetPanel.h" />
		<Unit filename="src\PoseTargetPanel.cpp" />
		<Unit filename="src\PoseTargetPanel.h" />
		<Unit filename="src\PoseTargetSelectionListener.cpp" />
		<Unit filename="src\PoseTargetSelectionListener.h" />
		<Unit filename="src\PoseTargetSliderListener.cpp" />
		<Unit filename="src\PoseTargetSliderListener.h" />
		<Unit filename="src\PosesBodyPanel.cpp" />
		<Unit filename="src\PosesBodyPanel.h" />
		<Unit filename="src\PosesBsCategoryPanel.cpp" />
		<Unit filename="src\PosesBsCategoryPanel.h" />
		<Unit filename="src\PosesBsPanel.cpp" />
		<Unit filename="src\PosesBsPanel.h" />
		<Unit filename="src\PosesBsPanelSelectionListener.cpp" />
		<Unit filename="src\PosesBsPanelSelectionListener.h" />
		<Unit filename="src\PosesBsSelectionListener.cpp" />
		<Unit filename="src\PosesBsSelectionListener.h" />
		<Unit filename="src\SelectorListener.cpp" />
		<Unit filename="src\SelectorListener.h" />
		<Unit filename="src\SplashPanel.cpp" />
		<Unit filename="src\SplashPanel.h" />
		<Unit filename="src\TargetPanel.cpp" />
		<Unit filename="src\TargetPanel.h" />
		<Unit filename="src\TargetSelectionListener.cpp" />
		<Unit filename="src\TargetSelectionListener.h" />
		<Unit filename="src\TargetSlider.h" />
		<Unit filename="src\TargetSliderListener.cpp" />
		<Unit filename="src\TargetSliderListener.h" />
		<Unit filename="src\TeethPanel.cpp" />
		<Unit filename="src\TeethPanel.h" />
		<Unit filename="src\ToolbarPanel.cpp" />
		<Unit filename="src\ToolbarPanel.h" />
		<Unit filename="src\TooltipPanel.cpp" />
		<Unit filename="src\TooltipPanel.h" />
		<Unit filename="src\UtilitiesPanel.cpp" />
		<Unit filename="src\UtilitiesPanel.h" />
		<Unit filename="src\UtilitiesSliderListener.cpp" />
		<Unit filename="src\UtilitiesSliderListener.h" />
		<Unit filename="src\UtilitybarPanel.cpp" />
		<Unit filename="src\UtilitybarPanel.h" />
		<Unit filename="src\ViewPanel.cpp" />
		<Unit filename="src\ViewPanel.h" />
		<Unit filename="src\makehuman.cpp" />
		<Unit filename="src\makehuman_res.rc">
			<Option compilerVar="WINDRES" />
			<Option target="default" />
		</Unit>
		<Unit filename="src\util.cpp" />
		<Unit filename="src\util.h" />
		<Extensions>
			<code_completion />
			<envvars />
			<debugger />
			<wxsmith version="1">
				<resources>
					<wxPanel wxs="wxsmith/NewPanel.wxs" src="NewPanel.cpp" hdr="NewPanel.h" name="NewPanel" language="CPP" />
				</resources>
			</wxsmith>
		</Extensions>
	</Project>
</CodeBlocks_project_file>
